// !$*UTF8*$!
{
	archiveVersion = 1;
	classes = {
	};
	objectVersion = 46;
	objects = {

/* Begin PBXBuildFile section */
		B6EEC4751839D8700012AB2A /* Foundation.framework in Frameworks */ = {isa = PBXBuildFile; fileRef = B6EEC4741839D8700012AB2A /* Foundation.framework */; };
		B6EEC4771839D8700012AB2A /* CoreGraphics.framework in Frameworks */ = {isa = PBXBuildFile; fileRef = B6EEC4761839D8700012AB2A /* CoreGraphics.framework */; };
		B6EEC4791839D8700012AB2A /* UIKit.framework in Frameworks */ = {isa = PBXBuildFile; fileRef = B6EEC4781839D8700012AB2A /* UIKit.framework */; };
		B6EEC47F1839D8700012AB2A /* InfoPlist.strings in Resources */ = {isa = PBXBuildFile; fileRef = B6EEC47D1839D8700012AB2A /* InfoPlist.strings */; };
		B6EEC4811839D8700012AB2A /* main.m in Sources */ = {isa = PBXBuildFile; fileRef = B6EEC4801839D8700012AB2A /* main.m */; };
		B6EEC4851839D8700012AB2A /* DKAppDelegate.m in Sources */ = {isa = PBXBuildFile; fileRef = B6EEC4841839D8700012AB2A /* DKAppDelegate.m */; };
		B6EEC4881839D8700012AB2A /* Main.storyboard in Resources */ = {isa = PBXBuildFile; fileRef = B6EEC4861839D8700012AB2A /* Main.storyboard */; };
		B6EEC48B1839D8700012AB2A /* DKViewController.m in Sources */ = {isa = PBXBuildFile; fileRef = B6EEC48A1839D8700012AB2A /* DKViewController.m */; };
		B6EEC48D1839D8700012AB2A /* Images.xcassets in Resources */ = {isa = PBXBuildFile; fileRef = B6EEC48C1839D8700012AB2A /* Images.xcassets */; };
		B6EEC4941839D8700012AB2A /* XCTest.framework in Frameworks */ = {isa = PBXBuildFile; fileRef = B6EEC4931839D8700012AB2A /* XCTest.framework */; };
		B6EEC4951839D8700012AB2A /* Foundation.framework in Frameworks */ = {isa = PBXBuildFile; fileRef = B6EEC4741839D8700012AB2A /* Foundation.framework */; };
		B6EEC4961839D8700012AB2A /* UIKit.framework in Frameworks */ = {isa = PBXBuildFile; fileRef = B6EEC4781839D8700012AB2A /* UIKit.framework */; };
		B6EEC49E1839D8700012AB2A /* InfoPlist.strings in Resources */ = {isa = PBXBuildFile; fileRef = B6EEC49C1839D8700012AB2A /* InfoPlist.strings */; };
		B6EEC4A01839D8700012AB2A /* MtGotx_ReaderTests.m in Sources */ = {isa = PBXBuildFile; fileRef = B6EEC49F1839D8700012AB2A /* MtGotx_ReaderTests.m */; };
/* End PBXBuildFile section */

/* Begin PBXContainerItemProxy section */
		B6EEC4971839D8700012AB2A /* PBXContainerItemProxy */ = {
			isa = PBXContainerItemProxy;
			containerPortal = B6EEC4691839D8700012AB2A /* Project object */;
			proxyType = 1;
			remoteGlobalIDString = B6EEC4701839D8700012AB2A;
			remoteInfo = "MtGotx Reader";
		};
/* End PBXContainerItemProxy section */

/* Begin PBXFileReference section */
		B6EEC4711839D8700012AB2A /* MtGotx Reader.app */ = {isa = PBXFileReference; explicitFileType = wrapper.application; includeInIndex = 0; path = "MtGotx Reader.app"; sourceTree = BUILT_PRODUCTS_DIR; };
		B6EEC4741839D8700012AB2A /* Foundation.framework */ = {isa = PBXFileReference; lastKnownFileType = wrapper.framework; name = Foundation.framework; path = System/Library/Frameworks/Foundation.framework; sourceTree = SDKROOT; };
		B6EEC4761839D8700012AB2A /* CoreGraphics.framework */ = {isa = PBXFileReference; lastKnownFileType = wrapper.framework; name = CoreGraphics.framework; path = System/Library/Frameworks/CoreGraphics.framework; sourceTree = SDKROOT; };
		B6EEC4781839D8700012AB2A /* UIKit.framework */ = {isa = PBXFileReference; lastKnownFileType = wrapper.framework; name = UIKit.framework; path = System/Library/Frameworks/UIKit.framework; sourceTree = SDKROOT; };
		B6EEC47C1839D8700012AB2A /* MtGotx Reader-Info.plist */ = {isa = PBXFileReference; lastKnownFileType = text.plist.xml; path = "MtGotx Reader-Info.plist"; sourceTree = "<group>"; };
		B6EEC47E1839D8700012AB2A /* en */ = {isa = PBXFileReference; lastKnownFileType = text.plist.strings; name = en; path = en.lproj/InfoPlist.strings; sourceTree = "<group>"; };
		B6EEC4801839D8700012AB2A /* main.m */ = {isa = PBXFileReference; lastKnownFileType = sourcecode.c.objc; path = main.m; sourceTree = "<group>"; };
		B6EEC4821839D8700012AB2A /* MtGotx Reader-Prefix.pch */ = {isa = PBXFileReference; lastKnownFileType = sourcecode.c.h; path = "MtGotx Reader-Prefix.pch"; sourceTree = "<group>"; };
		B6EEC4831839D8700012AB2A /* DKAppDelegate.h */ = {isa = PBXFileReference; lastKnownFileType = sourcecode.c.h; path = DKAppDelegate.h; sourceTree = "<group>"; };
		B6EEC4841839D8700012AB2A /* DKAppDelegate.m */ = {isa = PBXFileReference; lastKnownFileType = sourcecode.c.objc; path = DKAppDelegate.m; sourceTree = "<group>"; };
		B6EEC4871839D8700012AB2A /* Base */ = {isa = PBXFileReference; lastKnownFileType = file.storyboard; name = Base; path = Base.lproj/Main.storyboard; sourceTree = "<group>"; };
		B6EEC4891839D8700012AB2A /* DKViewController.h */ = {isa = PBXFileReference; lastKnownFileType = sourcecode.c.h; path = DKViewController.h; sourceTree = "<group>"; };
		B6EEC48A1839D8700012AB2A /* DKViewController.m */ = {isa = PBXFileReference; lastKnownFileType = sourcecode.c.objc; path = DKViewController.m; sourceTree = "<group>"; };
		B6EEC48C1839D8700012AB2A /* Images.xcassets */ = {isa = PBXFileReference; lastKnownFileType = folder.assetcatalog; path = Images.xcassets; sourceTree = "<group>"; };
		B6EEC4921839D8700012AB2A /* MtGotx ReaderTests.xctest */ = {isa = PBXFileReference; explicitFileType = wrapper.cfbundle; includeInIndex = 0; path = "MtGotx ReaderTests.xctest"; sourceTree = BUILT_PRODUCTS_DIR; };
		B6EEC4931839D8700012AB2A /* XCTest.framework */ = {isa = PBXFileReference; lastKnownFileType = wrapper.framework; name = XCTest.framework; path = Library/Frameworks/XCTest.framework; sourceTree = DEVELOPER_DIR; };
		B6EEC49B1839D8700012AB2A /* MtGotx ReaderTests-Info.plist */ = {isa = PBXFileReference; lastKnownFileType = text.plist.xml; path = "MtGotx ReaderTests-Info.plist"; sourceTree = "<group>"; };
		B6EEC49D1839D8700012AB2A /* en */ = {isa = PBXFileReference; lastKnownFileType = text.plist.strings; name = en; path = en.lproj/InfoPlist.strings; sourceTree = "<group>"; };
		B6EEC49F1839D8700012AB2A /* MtGotx_ReaderTests.m */ = {isa = PBXFileReference; lastKnownFileType = sourcecode.c.objc; path = MtGotx_ReaderTests.m; sourceTree = "<group>"; };
/* End PBXFileReference section */

/* Begin PBXFrameworksBuildPhase section */
		B6EEC46E1839D8700012AB2A /* Frameworks */ = {
			isa = PBXFrameworksBuildPhase;
			buildActionMask = 2147483647;
			files = (
				B6EEC4771839D8700012AB2A /* CoreGraphics.framework in Frameworks */,
				B6EEC4791839D8700012AB2A /* UIKit.framework in Frameworks */,
				B6EEC4751839D8700012AB2A /* Foundation.framework in Frameworks */,
			);
			runOnlyForDeploymentPostprocessing = 0;
		};
		B6EEC48F1839D8700012AB2A /* Frameworks */ = {
			isa = PBXFrameworksBuildPhase;
			buildActionMask = 2147483647;
			files = (
				B6EEC4941839D8700012AB2A /* XCTest.framework in Frameworks */,
				B6EEC4961839D8700012AB2A /* UIKit.framework in Frameworks */,
				B6EEC4951839D8700012AB2A /* Foundation.framework in Frameworks */,
			);
			runOnlyForDeploymentPostprocessing = 0;
		};
/* End PBXFrameworksBuildPhase section */

/* Begin PBXGroup section */
		B6EEC4681839D8700012AB2A = {
			isa = PBXGroup;
			children = (
				B6EEC47A1839D8700012AB2A /* MtGotx Reader */,
				B6EEC4991839D8700012AB2A /* MtGotx ReaderTests */,
				B6EEC4731839D8700012AB2A /* Frameworks */,
				B6EEC4721839D8700012AB2A /* Products */,
			);
			sourceTree = "<group>";
		};
		B6EEC4721839D8700012AB2A /* Products */ = {
			isa = PBXGroup;
			children = (
				B6EEC4711839D8700012AB2A /* MtGotx Reader.app */,
				B6EEC4921839D8700012AB2A /* MtGotx ReaderTests.xctest */,
			);
			name = Products;
			sourceTree = "<group>";
		};
		B6EEC4731839D8700012AB2A /* Frameworks */ = {
			isa = PBXGroup;
			children = (
				B6EEC4741839D8700012AB2A /* Foundation.framework */,
				B6EEC4761839D8700012AB2A /* CoreGraphics.framework */,
				B6EEC4781839D8700012AB2A /* UIKit.framework */,
				B6EEC4931839D8700012AB2A /* XCTest.framework */,
			);
			name = Frameworks;
			sourceTree = "<group>";
		};
		B6EEC47A1839D8700012AB2A /* MtGotx Reader */ = {
			isa = PBXGroup;
			children = (
				B6EEC4831839D8700012AB2A /* DKAppDelegate.h */,
				B6EEC4841839D8700012AB2A /* DKAppDelegate.m */,
				B6EEC4861839D8700012AB2A /* Main.storyboard */,
				B6EEC4891839D8700012AB2A /* DKViewController.h */,
				B6EEC48A1839D8700012AB2A /* DKViewController.m */,
				B6EEC48C1839D8700012AB2A /* Images.xcassets */,
				B6EEC47B1839D8700012AB2A /* Supporting Files */,
			);
			path = "MtGotx Reader";
			sourceTree = "<group>";
		};
		B6EEC47B1839D8700012AB2A /* Supporting Files */ = {
			isa = PBXGroup;
			children = (
				B6EEC47C1839D8700012AB2A /* MtGotx Reader-Info.plist */,
				B6EEC47D1839D8700012AB2A /* InfoPlist.strings */,
				B6EEC4801839D8700012AB2A /* main.m */,
				B6EEC4821839D8700012AB2A /* MtGotx Reader-Prefix.pch */,
			);
			name = "Supporting Files";
			sourceTree = "<group>";
		};
		B6EEC4991839D8700012AB2A /* MtGotx ReaderTests */ = {
			isa = PBXGroup;
			children = (
				B6EEC49F1839D8700012AB2A /* MtGotx_ReaderTests.m */,
				B6EEC49A1839D8700012AB2A /* Supporting Files */,
			);
			path = "MtGotx ReaderTests";
			sourceTree = "<group>";
		};
		B6EEC49A1839D8700012AB2A /* Supporting Files */ = {
			isa = PBXGroup;
			children = (
				B6EEC49B1839D8700012AB2A /* MtGotx ReaderTests-Info.plist */,
				B6EEC49C1839D8700012AB2A /* InfoPlist.strings */,
			);
			name = "Supporting Files";
			sourceTree = "<group>";
		};
/* End PBXGroup section */

/* Begin PBXNativeTarget section */
		B6EEC4701839D8700012AB2A /* MtGotx Reader */ = {
			isa = PBXNativeTarget;
			buildConfigurationList = B6EEC4A31839D8700012AB2A /* Build configuration list for PBXNativeTarget "MtGotx Reader" */;
			buildPhases = (
				B6EEC46D1839D8700012AB2A /* Sources */,
				B6EEC46E1839D8700012AB2A /* Frameworks */,
				B6EEC46F1839D8700012AB2A /* Resources */,
			);
			buildRules = (
			);
			dependencies = (
			);
			name = "MtGotx Reader";
			productName = "MtGotx Reader";
			productReference = B6EEC4711839D8700012AB2A /* MtGotx Reader.app */;
			productType = "com.apple.product-type.application";
		};
		B6EEC4911839D8700012AB2A /* MtGotx ReaderTests */ = {
			isa = PBXNativeTarget;
			buildConfigurationList = B6EEC4A61839D8700012AB2A /* Build configuration list for PBXNativeTarget "MtGotx ReaderTests" */;
			buildPhases = (
				B6EEC48E1839D8700012AB2A /* Sources */,
				B6EEC48F1839D8700012AB2A /* Frameworks */,
				B6EEC4901839D8700012AB2A /* Resources */,
			);
			buildRules = (
			);
			dependencies = (
				B6EEC4981839D8700012AB2A /* PBXTargetDependency */,
			);
			name = "MtGotx ReaderTests";
			productName = "MtGotx ReaderTests";
			productReference = B6EEC4921839D8700012AB2A /* MtGotx ReaderTests.xctest */;
			productType = "com.apple.product-type.bundle.unit-test";
		};
/* End PBXNativeTarget section */

/* Begin PBXProject section */
		B6EEC4691839D8700012AB2A /* Project object */ = {
			isa = PBXProject;
			attributes = {
				CLASSPREFIX = DK;
				LastUpgradeCheck = 0500;
				ORGANIZATIONNAME = "David Koerner";
				TargetAttributes = {
					B6EEC4911839D8700012AB2A = {
						TestTargetID = B6EEC4701839D8700012AB2A;
					};
				};
			};
			buildConfigurationList = B6EEC46C1839D8700012AB2A /* Build configuration list for PBXProject "MtGotx Reader" */;
			compatibilityVersion = "Xcode 3.2";
			developmentRegion = English;
			hasScannedForEncodings = 0;
			knownRegions = (
				en,
				Base,
			);
			mainGroup = B6EEC4681839D8700012AB2A;
			productRefGroup = B6EEC4721839D8700012AB2A /* Products */;
			projectDirPath = "";
			projectRoot = "";
			targets = (
				B6EEC4701839D8700012AB2A /* MtGotx Reader */,
				B6EEC4911839D8700012AB2A /* MtGotx ReaderTests */,
			);
		};
/* End PBXProject section */

/* Begin PBXResourcesBuildPhase section */
		B6EEC46F1839D8700012AB2A /* Resources */ = {
			isa = PBXResourcesBuildPhase;
			buildActionMask = 2147483647;
			files = (
				B6EEC48D1839D8700012AB2A /* Images.xcassets in Resources */,
				B6EEC47F1839D8700012AB2A /* InfoPlist.strings in Resources */,
				B6EEC4881839D8700012AB2A /* Main.storyboard in Resources */,
			);
			runOnlyForDeploymentPostprocessing = 0;
		};
		B6EEC4901839D8700012AB2A /* Resources */ = {
			isa = PBXResourcesBuildPhase;
			buildActionMask = 2147483647;
			files = (
				B6EEC49E1839D8700012AB2A /* InfoPlist.strings in Resources */,
			);
			runOnlyForDeploymentPostprocessing = 0;
		};
/* End PBXResourcesBuildPhase section */

/* Begin PBXSourcesBuildPhase section */
		B6EEC46D1839D8700012AB2A /* Sources */ = {
			isa = PBXSourcesBuildPhase;
			buildActionMask = 2147483647;
			files = (
				B6EEC4811839D8700012AB2A /* main.m in Sources */,
				B6EEC48B1839D8700012AB2A /* DKViewController.m in Sources */,
				B6EEC4851839D8700012AB2A /* DKAppDelegate.m in Sources */,
			);
			runOnlyForDeploymentPostprocessing = 0;
		};
		B6EEC48E1839D8700012AB2A /* Sources */ = {
			isa = PBXSourcesBuildPhase;
			buildActionMask = 2147483647;
			files = (
				B6EEC4A01839D8700012AB2A /* MtGotx_ReaderTests.m in Sources */,
			);
			runOnlyForDeploymentPostprocessing = 0;
		};
/* End PBXSourcesBuildPhase section */

/* Begin PBXTargetDependency section */
		B6EEC4981839D8700012AB2A /* PBXTargetDependency */ = {
			isa = PBXTargetDependency;
			target = B6EEC4701839D8700012AB2A /* MtGotx Reader */;
			targetProxy = B6EEC4971839D8700012AB2A /* PBXContainerItemProxy */;
		};
/* End PBXTargetDependency section */

/* Begin PBXVariantGroup section */
		B6EEC47D1839D8700012AB2A /* InfoPlist.strings */ = {
			isa = PBXVariantGroup;
			children = (
				B6EEC47E1839D8700012AB2A /* en */,
			);
			name = InfoPlist.strings;
			sourceTree = "<group>";
		};
		B6EEC4861839D8700012AB2A /* Main.storyboard */ = {
			isa = PBXVariantGroup;
			children = (
				B6EEC4871839D8700012AB2A /* Base */,
			);
			name = Main.storyboard;
			sourceTree = "<group>";
		};
		B6EEC49C1839D8700012AB2A /* InfoPlist.strings */ = {
			isa = PBXVariantGroup;
			children = (
				B6EEC49D1839D8700012AB2A /* en */,
			);
			name = InfoPlist.strings;
			sourceTree = "<group>";
		};
/* End PBXVariantGroup section */

/* Begin XCBuildConfiguration section */
		B6EEC4A11839D8700012AB2A /* Debug */ = {
			isa = XCBuildConfiguration;
			buildSettings = {
				ALWAYS_SEARCH_USER_PATHS = NO;
				ARCHS = "$(ARCHS_STANDARD_INCLUDING_64_BIT)";
				CLANG_CXX_LANGUAGE_STANDARD = "gnu++0x";
				CLANG_CXX_LIBRARY = "libc++";
				CLANG_ENABLE_MODULES = YES;
				CLANG_ENABLE_OBJC_ARC = YES;
				CLANG_WARN_BOOL_CONVERSION = YES;
				CLANG_WARN_CONSTANT_CONVERSION = YES;
				CLANG_WARN_DIRECT_OBJC_ISA_USAGE = YES_ERROR;
				CLANG_WARN_EMPTY_BODY = YES;
				CLANG_WARN_ENUM_CONVERSION = YES;
				CLANG_WARN_INT_CONVERSION = YES;
				CLANG_WARN_OBJC_ROOT_CLASS = YES_ERROR;
				CLANG_WARN__DUPLICATE_METHOD_MATCH = YES;
				"CODE_SIGN_IDENTITY[sdk=iphoneos*]" = "iPhone Developer";
				COPY_PHASE_STRIP = NO;
				GCC_C_LANGUAGE_STANDARD = gnu99;
				GCC_DYNAMIC_NO_PIC = NO;
				GCC_OPTIMIZATION_LEVEL = 0;
				GCC_PREPROCESSOR_DEFINITIONS = (
					"DEBUG=1",
					"$(inherited)",
				);
				GCC_SYMBOLS_PRIVATE_EXTERN = NO;
				GCC_WARN_64_TO_32_BIT_CONVERSION = YES;
				GCC_WARN_ABOUT_RETURN_TYPE = YES_ERROR;
				GCC_WARN_UNDECLARED_SELECTOR = YES;
				GCC_WARN_UNINITIALIZED_AUTOS = YES;
				GCC_WARN_UNUSED_FUNCTION = YES;
				GCC_WARN_UNUSED_VARIABLE = YES;
				IPHONEOS_DEPLOYMENT_TARGET = 7.0;
				ONLY_ACTIVE_ARCH = YES;
				SDKROOT = iphoneos;
			};
			name = Debug;
		};
		B6EEC4A21839D8700012AB2A /* Release */ = {
			isa = XCBuildConfiguration;
			buildSettings = {
				ALWAYS_SEARCH_USER_PATHS = NO;
				ARCHS = "$(ARCHS_STANDARD_INCLUDING_64_BIT)";
				CLANG_CXX_LANGUAGE_STANDARD = "gnu++0x";
				CLANG_CXX_LIBRARY = "libc++";
				CLANG_ENABLE_MODULES = YES;
				CLANG_ENABLE_OBJC_ARC = YES;
				CLANG_WARN_BOOL_CONVERSION = YES;
				CLANG_WARN_CONSTANT_CONVERSION = YES;
				CLANG_WARN_DIRECT_OBJC_ISA_USAGE = YES_ERROR;
				CLANG_WARN_EMPTY_BODY = YES;
				CLANG_WARN_ENUM_CONVERSION = YES;
				CLANG_WARN_INT_CONVERSION = YES;
				CLANG_WARN_OBJC_ROOT_CLASS = YES_ERROR;
				CLANG_WARN__DUPLICATE_METHOD_MATCH = YES;
				"CODE_SIGN_IDENTITY[sdk=iphoneos*]" = "iPhone Developer";
				COPY_PHASE_STRIP = YES;
				ENABLE_NS_ASSERTIONS = NO;
				GCC_C_LANGUAGE_STANDARD = gnu99;
				GCC_WARN_64_TO_32_BIT_CONVERSION = YES;
				GCC_WARN_ABOUT_RETURN_TYPE = YES_ERROR;
				GCC_WARN_UNDECLARED_SELECTOR = YES;
				GCC_WARN_UNINITIALIZED_AUTOS = YES;
				GCC_WARN_UNUSED_FUNCTION = YES;
				GCC_WARN_UNUSED_VARIABLE = YES;
				IPHONEOS_DEPLOYMENT_TARGET = 7.0;
				SDKROOT = iphoneos;
				VALIDATE_PRODUCT = YES;
			};
			name = Release;
		};
		B6EEC4A41839D8700012AB2A /* Debug */ = {
			isa = XCBuildConfiguration;
			buildSettings = {
				ASSETCATALOG_COMPILER_APPICON_NAME = AppIcon;
				ASSETCATALOG_COMPILER_LAUNCHIMAGE_NAME = LaunchImage;
				GCC_PRECOMPILE_PREFIX_HEADER = YES;
				GCC_PREFIX_HEADER = "MtGotx Reader/MtGotx Reader-Prefix.pch";
				INFOPLIST_FILE = "MtGotx Reader/MtGotx Reader-Info.plist";
				PRODUCT_NAME = "$(TARGET_NAME)";
				WRAPPER_EXTENSION = app;
			};
			name = Debug;
		};
		B6EEC4A51839D8700012AB2A /* Release */ = {
			isa = XCBuildConfiguration;
			buildSettings = {
				ASSETCATALOG_COMPILER_APPICON_NAME = AppIcon;
				ASSETCATALOG_COMPILER_LAUNCHIMAGE_NAME = LaunchImage;
				GCC_PRECOMPILE_PREFIX_HEADER = YES;
				GCC_PREFIX_HEADER = "MtGotx Reader/MtGotx Reader-Prefix.pch";
				INFOPLIST_FILE = "MtGotx Reader/MtGotx Reader-Info.plist";
				PRODUCT_NAME = "$(TARGET_NAME)";
				WRAPPER_EXTENSION = app;
			};
			name = Release;
		};
		B6EEC4A71839D8700012AB2A /* Debug */ = {
			isa = XCBuildConfiguration;
			buildSettings = {
				ARCHS = "$(ARCHS_STANDARD_INCLUDING_64_BIT)";
				BUNDLE_LOADER = "$(BUILT_PRODUCTS_DIR)/MtGotx Reader.app/MtGotx Reader";
				FRAMEWORK_SEARCH_PATHS = (
					"$(SDKROOT)/Developer/Library/Frameworks",
					"$(inherited)",
					"$(DEVELOPER_FRAMEWORKS_DIR)",
				);
				GCC_PRECOMPILE_PREFIX_HEADER = YES;
				GCC_PREFIX_HEADER = "MtGotx Reader/MtGotx Reader-Prefix.pch";
				GCC_PREPROCESSOR_DEFINITIONS = (
					"DEBUG=1",
					"$(inherited)",
				);
				INFOPLIST_FILE = "MtGotx ReaderTests/MtGotx ReaderTests-Info.plist";
				PRODUCT_NAME = "$(TARGET_NAME)";
				TEST_HOST = "$(BUNDLE_LOADER)";
				WRAPPER_EXTENSION = xctest;
			};
			name = Debug;
		};
		B6EEC4A81839D8700012AB2A /* Release */ = {
			isa = XCBuildConfiguration;
			buildSettings = {
				ARCHS = "$(ARCHS_STANDARD_INCLUDING_64_BIT)";
				BUNDLE_LOADER = "$(BUILT_PRODUCTS_DIR)/MtGotx Reader.app/MtGotx Reader";
				FRAMEWORK_SEARCH_PATHS = (
					"$(SDKROOT)/Developer/Library/Frameworks",
					"$(inherited)",
					"$(DEVELOPER_FRAMEWORKS_DIR)",
				);
				GCC_PRECOMPILE_PREFIX_HEADER = YES;
				GCC_PREFIX_HEADER = "MtGotx Reader/MtGotx Reader-Prefix.pch";
				INFOPLIST_FILE = "MtGotx ReaderTests/MtGotx ReaderTests-Info.plist";
				PRODUCT_NAME = "$(TARGET_NAME)";
				TEST_HOST = "$(BUNDLE_LOADER)";
				WRAPPER_EXTENSION = xctest;
			};
			name = Release;
		};
/* End XCBuildConfiguration section */

/* Begin XCConfigurationList section */
		B6EEC46C1839D8700012AB2A /* Build configuration list for PBXProject "MtGotx Reader" */ = {
			isa = XCConfigurationList;
			buildConfigurations = (
				B6EEC4A11839D8700012AB2A /* Debug */,
				B6EEC4A21839D8700012AB2A /* Release */,
			);
			defaultConfigurationIsVisible = 0;
			defaultConfigurationName = Release;
		};
		B6EEC4A31839D8700012AB2A /* Build configuration list for PBXNativeTarget "MtGotx Reader" */ = {
			isa = XCConfigurationList;
			buildConfigurations = (
				B6EEC4A41839D8700012AB2A /* Debug */,
				B6EEC4A51839D8700012AB2A /* Release */,
			);
			defaultConfigurationIsVisible = 0;
		};
		B6EEC4A61839D8700012AB2A /* Build configuration list for PBXNativeTarget "MtGotx ReaderTests" */ = {
			isa = XCConfigurationList;
			buildConfigurations = (
				B6EEC4A71839D8700012AB2A /* Debug */,
				B6EEC4A81839D8700012AB2A /* Release */,
			);
			defaultConfigurationIsVisible = 0;
		};
/* End XCConfigurationList section */
	};
	rootObject = B6EEC4691839D8700012AB2A /* Project object */;
}
